{
  "version": "5",
  "specifiers": {
    "jsr:@artifact/client@^0.0.139": "0.0.139",
    "jsr:@libs/xml@7": "7.0.0",
    "jsr:@std/assert@^1.0.13": "1.0.13",
    "jsr:@std/async@^1.0.13": "1.0.13",
    "jsr:@std/dotenv@~0.225.5": "0.225.5",
    "jsr:@std/expect@^1.0.16": "1.0.16",
    "jsr:@std/internal@^1.0.6": "1.0.7",
    "jsr:@std/internal@^1.0.7": "1.0.7",
    "npm:@ai-sdk/openai@^2.0.0-beta.2": "2.0.0-canary.20_zod@3.25.48",
    "npm:@msgpack/msgpack@3.1.2": "3.1.2",
    "npm:@noble/hashes@1.8.0": "1.8.0",
    "npm:@open-iframe-resizer/core@^1.6.0": "1.6.0",
    "npm:@open-iframe-resizer/react@^1.6.0": "1.6.0_react@19.1.0_react-dom@19.1.0__react@19.1.0",
    "npm:@types/node@^24.0.7": "24.0.7",
    "npm:ai@^5.0.0-beta.2": "5.0.0-canary.24_zod@3.25.48",
    "npm:commander@14": "14.0.0",
    "npm:debug@4.4.1": "4.4.1",
    "npm:debug@^4.4.1": "4.4.1",
    "npm:fast-deep-equal@3.1.3": "3.1.3",
    "npm:fast-deep-equal@^3.1.3": "3.1.3",
    "npm:fast-glob@^3.3.3": "3.3.3",
    "npm:glob-to-regexp@~0.4.1": "0.4.1",
    "npm:gpt-tokenizer@^3.0.1": "3.0.1",
    "npm:immutable@5.1.2": "5.1.2",
    "npm:it-pushable@3.2.3": "3.2.3",
    "npm:it-pushable@^3.2.3": "3.2.3",
    "npm:p-limit@6.2.0": "6.2.0",
    "npm:p-limit@^6.2.0": "6.2.0",
    "npm:path-browserify@1.0.1": "1.0.1",
    "npm:react@19.1.0": "19.1.0",
    "npm:serialize-error@12.0.0": "12.0.0",
    "npm:zod@3.25.48": "3.25.48",
    "npm:zustand@5.0.5": "5.0.5_react@19.1.0"
  },
  "jsr": {
    "@artifact/client@0.0.139": {
      "integrity": "9d878ae85df09449629e3e1ece0a64fb3dbe7648b7a37853f103e0dacd258b89",
      "dependencies": [
        "npm:@msgpack/msgpack",
        "npm:@noble/hashes",
        "npm:@open-iframe-resizer/core",
        "npm:@open-iframe-resizer/react",
        "npm:debug@4.4.1",
        "npm:fast-deep-equal@3.1.3",
        "npm:immutable",
        "npm:it-pushable@3.2.3",
        "npm:p-limit@6.2.0",
        "npm:path-browserify",
        "npm:react",
        "npm:serialize-error",
        "npm:zod",
        "npm:zustand"
      ]
    },
    "@libs/xml@7.0.0": {
      "integrity": "4fe581ec16d4a58fdc085c89f721e024f06afe7303d62ed4c24c12b6dec98ece"
    },
    "@std/assert@1.0.13": {
      "integrity": "ae0d31e41919b12c656c742b22522c32fb26ed0cba32975cb0de2a273cb68b29",
      "dependencies": [
        "jsr:@std/internal@^1.0.6"
      ]
    },
    "@std/async@1.0.13": {
      "integrity": "1d76ca5d324aef249908f7f7fe0d39aaf53198e5420604a59ab5c035adc97c96"
    },
    "@std/dotenv@0.225.5": {
      "integrity": "9ce6f9d0ec3311f74a32535aa1b8c62ed88b1ab91b7f0815797d77a6f60c922f"
    },
    "@std/expect@1.0.16": {
      "integrity": "ceeef6dda21f256a5f0f083fcc0eaca175428b523359a9b1d9b3a1df11cc7391",
      "dependencies": [
        "jsr:@std/assert",
        "jsr:@std/internal@^1.0.7"
      ]
    },
    "@std/internal@1.0.7": {
      "integrity": "39eeb5265190a7bc5d5591c9ff019490bd1f2c3907c044a11b0d545796158a0f"
    }
  },
  "npm": {
    "@ai-sdk/openai@2.0.0-canary.20_zod@3.25.48": {
      "integrity": "sha512-AipaQeOz/nIPTtZLJaqG9sxf8zWqZ1UGLG1QOLhNpWwSBDXPVw5k0cWhLtReuZrL/ncKvL6BrGN9aEZLqcmWAg==",
      "dependencies": [
        "@ai-sdk/provider",
        "@ai-sdk/provider-utils",
        "zod"
      ]
    },
    "@ai-sdk/provider-utils@3.0.0-canary.19_zod@3.25.48": {
      "integrity": "sha512-4IJw6/wkWYLYfFYPvCs5go0L/sBRZsIRW1l/R6LniF4WjAH2+R4dMbESgBmzx+Z2+W+W6gFeK8dnQByn7vaA/w==",
      "dependencies": [
        "@ai-sdk/provider",
        "@standard-schema/spec",
        "zod",
        "zod-to-json-schema"
      ]
    },
    "@ai-sdk/provider@2.0.0-canary.14": {
      "integrity": "sha512-aN83hjdjDCyhkOdulwMsxmGb91owS+bCSe6FWg1TEwusNM35vv020nY//Gid/0NdIpVkZJGzAajgCWrnno2zzA==",
      "dependencies": [
        "json-schema"
      ]
    },
    "@msgpack/msgpack@3.1.2": {
      "integrity": "sha512-JEW4DEtBzfe8HvUYecLU9e6+XJnKDlUAIve8FvPzF3Kzs6Xo/KuZkZJsDH0wJXl/qEZbeeE7edxDNY3kMs39hQ=="
    },
    "@noble/hashes@1.8.0": {
      "integrity": "sha512-jCs9ldd7NwzpgXDIf6P3+NrHh9/sD6CQdxHyjQI+h/6rDNo88ypBxxz45UDuZHz9r3tNz7N/VInSVoVdtXEI4A=="
    },
    "@nodelib/fs.scandir@2.1.5": {
      "integrity": "sha512-vq24Bq3ym5HEQm2NKCr3yXDwjc7vTsEThRDnkp2DK9p1uqLR+DHurm/NOTo0KG7HYHU7eppKZj3MyqYuMBf62g==",
      "dependencies": [
        "@nodelib/fs.stat",
        "run-parallel"
      ]
    },
    "@nodelib/fs.stat@2.0.5": {
      "integrity": "sha512-RkhPPp2zrqDAQA/2jNhnztcPAlv64XdhIp7a7454A5ovI7Bukxgt7MX7udwAu3zg1DcpPU0rz3VV1SeaqvY4+A=="
    },
    "@nodelib/fs.walk@1.2.8": {
      "integrity": "sha512-oGB+UxlgWcgQkgwo8GcEGwemoTFt3FIO9ababBmaGwXIoBKZ+GTy0pP185beGg7Llih/NSHSV2XAs1lnznocSg==",
      "dependencies": [
        "@nodelib/fs.scandir",
        "fastq"
      ]
    },
    "@open-iframe-resizer/core@1.6.0": {
      "integrity": "sha512-qv4jo06YQP1qYzhUKeaBBA5r172n0zSmRCKvm9lom8e8mZEPZj4i6SBisKrhK0sUQttWKUfNQQDVxsik7gDzug=="
    },
    "@open-iframe-resizer/react@1.6.0_react@19.1.0_react-dom@19.1.0__react@19.1.0": {
      "integrity": "sha512-DFT5gs+1cSl2JSX8ISDAgenwDGCp3WatYYftA31ZW3UWa/vvZhW0WEBu5zhrxehrbVoA9+pSu5Qq6vY0gIKSTQ==",
      "dependencies": [
        "@open-iframe-resizer/core",
        "react",
        "react-dom"
      ]
    },
    "@opentelemetry/api@1.9.0": {
      "integrity": "sha512-3giAOQvZiH5F9bMlMiv8+GSPMeqg0dbaeo58/0SlA9sxSqZhnUtxzX9/2FzyhS9sWQf5S0GJE0AKBrFqjpeYcg=="
    },
    "@standard-schema/spec@1.0.0": {
      "integrity": "sha512-m2bOd0f2RT9k8QJx1JN85cZYyH1RqFBdlwtkSlf4tBDYLCiiZnv1fIIwacK6cqwXavOydf0NPToMQgpKq+dVlA=="
    },
    "@types/node@24.0.7": {
      "integrity": "sha512-YIEUUr4yf8q8oQoXPpSlnvKNVKDQlPMWrmOcgzoduo7kvA2UF0/BwJ/eMKFTiTtkNL17I0M6Xe2tvwFU7be6iw==",
      "dependencies": [
        "undici-types"
      ]
    },
    "ai@5.0.0-canary.24_zod@3.25.48": {
      "integrity": "sha512-vqaMmM6XFwjz9mNjox9ehjkWFwXbSchhor5MiqgKZ1qRyoTvoYzAt6oCZwg5kN5jXNQ3rZVuyE8N3BbPbwma2Q==",
      "dependencies": [
        "@ai-sdk/provider",
        "@ai-sdk/provider-utils",
        "@opentelemetry/api",
        "zod"
      ]
    },
    "braces@3.0.3": {
      "integrity": "sha512-yQbXgO/OSZVD2IsiLlro+7Hf6Q18EJrKSEsdoMzKePKXct3gvD8oLcOQdIzGupr5Fj+EDe8gO/lxc1BzfMpxvA==",
      "dependencies": [
        "fill-range"
      ]
    },
    "commander@14.0.0": {
      "integrity": "sha512-2uM9rYjPvyq39NwLRqaiLtWHyDC1FvryJDa2ATTVims5YAS4PupsEQsDvP14FqhFr0P49CYDugi59xaxJlTXRA=="
    },
    "debug@4.4.1": {
      "integrity": "sha512-KcKCqiftBJcZr++7ykoDIEwSa3XWowTfNPo92BYxjXiyYEVrUQh2aLyhxBCwww+heortUFxEJYcRzosstTEBYQ==",
      "dependencies": [
        "ms"
      ]
    },
    "fast-deep-equal@3.1.3": {
      "integrity": "sha512-f3qQ9oQy9j2AhBe/H9VC91wLmKBCCU/gDOnKNAYG5hswO7BLKj09Hc5HYNz9cGI++xlpDCIgDaitVs03ATR84Q=="
    },
    "fast-glob@3.3.3": {
      "integrity": "sha512-7MptL8U0cqcFdzIzwOTHoilX9x5BrNqye7Z/LuC7kCMRio1EMSyqRK3BEAUD7sXRq4iT4AzTVuZdhgQ2TCvYLg==",
      "dependencies": [
        "@nodelib/fs.stat",
        "@nodelib/fs.walk",
        "glob-parent",
        "merge2",
        "micromatch"
      ]
    },
    "fastq@1.19.1": {
      "integrity": "sha512-GwLTyxkCXjXbxqIhTsMI2Nui8huMPtnxg7krajPJAjnEG/iiOS7i+zCtWGZR9G0NBKbXKh6X9m9UIsYX/N6vvQ==",
      "dependencies": [
        "reusify"
      ]
    },
    "fill-range@7.1.1": {
      "integrity": "sha512-YsGpe3WHLK8ZYi4tWDg2Jy3ebRz2rXowDxnld4bkQB00cc/1Zw9AWnC0i9ztDJitivtQvaI9KaLyKrc+hBW0yg==",
      "dependencies": [
        "to-regex-range"
      ]
    },
    "glob-parent@5.1.2": {
      "integrity": "sha512-AOIgSQCepiJYwP3ARnGx+5VnTu2HBYdzbGP45eLw1vr3zB3vZLeyed1sC9hnbcOc9/SrMyM5RPQrkGz4aS9Zow==",
      "dependencies": [
        "is-glob"
      ]
    },
    "glob-to-regexp@0.4.1": {
      "integrity": "sha512-lkX1HJXwyMcprw/5YUZc2s7DrpAiHB21/V+E1rHUrVNokkvB6bqMzT0VfV6/86ZNabt1k14YOIaT7nDvOX3Iiw=="
    },
    "gpt-tokenizer@3.0.1": {
      "integrity": "sha512-5jdaspBq/w4sWw322SvQj1Fku+CN4OAfYZeeEg8U7CWtxBz+zkxZ3h0YOHD43ee+nZYZ5Ud70HRN0ANcdIj4qg=="
    },
    "immutable@5.1.2": {
      "integrity": "sha512-qHKXW1q6liAk1Oys6umoaZbDRqjcjgSrbnrifHsfsttza7zcvRAsL7mMV6xWcyhwQy7Xj5v4hhbr6b+iDYwlmQ=="
    },
    "is-extglob@2.1.1": {
      "integrity": "sha512-SbKbANkN603Vi4jEZv49LeVJMn4yGwsbzZworEoyEiutsN3nJYdbO36zfhGJ6QEDpOZIFkDtnq5JRxmvl3jsoQ=="
    },
    "is-glob@4.0.3": {
      "integrity": "sha512-xelSayHH36ZgE7ZWhli7pW34hNbNl8Ojv5KVmkJD4hBdD3th8Tfk9vYasLM+mXWOZhFkgZfxhLSnrwRr4elSSg==",
      "dependencies": [
        "is-extglob"
      ]
    },
    "is-number@7.0.0": {
      "integrity": "sha512-41Cifkg6e8TylSpdtTpeLVMqvSBEVzTttHvERD741+pnZ8ANv0004MRL43QKPDlK9cGvNp6NZWZUBlbGXYxxng=="
    },
    "it-pushable@3.2.3": {
      "integrity": "sha512-gzYnXYK8Y5t5b/BnJUr7glfQLO4U5vyb05gPx/TyTw+4Bv1zM9gFk4YsOrnulWefMewlphCjKkakFvj1y99Tcg==",
      "dependencies": [
        "p-defer"
      ]
    },
    "json-schema@0.4.0": {
      "integrity": "sha512-es94M3nTIfsEPisRafak+HDLfHXnKBhV3vU5eqPcS3flIWqcxJWgXHXiey3YrpaNsanY5ei1VoYEbOzijuq9BA=="
    },
    "merge2@1.4.1": {
      "integrity": "sha512-8q7VEgMJW4J8tcfVPy8g09NcQwZdbwFEqhe/WZkoIzjn/3TGDwtOCYtXGxA3O8tPzpczCCDgv+P2P5y00ZJOOg=="
    },
    "micromatch@4.0.8": {
      "integrity": "sha512-PXwfBhYu0hBCPw8Dn0E+WDYb7af3dSLVWKi3HGv84IdF4TyFoC0ysxFd0Goxw7nSv4T/PzEJQxsYsEiFCKo2BA==",
      "dependencies": [
        "braces",
        "picomatch"
      ]
    },
    "ms@2.1.3": {
      "integrity": "sha512-6FlzubTLZG3J2a/NVCAleEhjzq5oxgHyaCU9yYXvcLsvoVaHJq/s5xXI6/XXP6tz7R9xAOtHnSO/tXtF3WRTlA=="
    },
    "p-defer@4.0.1": {
      "integrity": "sha512-Mr5KC5efvAK5VUptYEIopP1bakB85k2IWXaRC0rsh1uwn1L6M0LVml8OIQ4Gudg4oyZakf7FmeRLkMMtZW1i5A=="
    },
    "p-limit@6.2.0": {
      "integrity": "sha512-kuUqqHNUqoIWp/c467RI4X6mmyuojY5jGutNU0wVTmEOOfcuwLqyMVoAi9MKi2Ak+5i9+nhmrK4ufZE8069kHA==",
      "dependencies": [
        "yocto-queue"
      ]
    },
    "path-browserify@1.0.1": {
      "integrity": "sha512-b7uo2UCUOYZcnF/3ID0lulOJi/bafxa1xPe7ZPsammBSpjSWQkjNxlt635YGS2MiR9GjvuXCtz2emr3jbsz98g=="
    },
    "picomatch@2.3.1": {
      "integrity": "sha512-JU3teHTNjmE2VCGFzuY8EXzCDVwEqB2a8fsIvwaStHhAWJEeVd1o1QD80CU6+ZdEXXSLbSsuLwJjkCBWqRQUVA=="
    },
    "queue-microtask@1.2.3": {
      "integrity": "sha512-NuaNSa6flKT5JaSYQzJok04JzTL1CA6aGhv5rfLW3PgqA+M2ChpZQnAC8h8i4ZFkBS8X5RqkDBHA7r4hej3K9A=="
    },
    "react-dom@19.1.0_react@19.1.0": {
      "integrity": "sha512-Xs1hdnE+DyKgeHJeJznQmYMIBG3TKIHJJT95Q58nHLSrElKlGQqDTR2HQ9fx5CN/Gk6Vh/kupBTDLU11/nDk/g==",
      "dependencies": [
        "react",
        "scheduler"
      ]
    },
    "react@19.1.0": {
      "integrity": "sha512-FS+XFBNvn3GTAWq26joslQgWNoFu08F4kl0J4CgdNKADkdSGXQyTCnKteIAJy96Br6YbpEU1LSzV5dYtjMkMDg=="
    },
    "reusify@1.1.0": {
      "integrity": "sha512-g6QUff04oZpHs0eG5p83rFLhHeV00ug/Yf9nZM6fLeUrPguBTkTQOdpAWWspMh55TZfVQDPaN3NQJfbVRAxdIw=="
    },
    "run-parallel@1.2.0": {
      "integrity": "sha512-5l4VyZR86LZ/lDxZTR6jqL8AFE2S0IFLMP26AbjsLVADxHdhB/c0GUsH+y39UfCi3dzz8OlQuPmnaJOMoDHQBA==",
      "dependencies": [
        "queue-microtask"
      ]
    },
    "scheduler@0.26.0": {
      "integrity": "sha512-NlHwttCI/l5gCPR3D1nNXtWABUmBwvZpEQiD4IXSbIDq8BzLIK/7Ir5gTFSGZDUu37K5cMNp0hFtzO38sC7gWA=="
    },
    "serialize-error@12.0.0": {
      "integrity": "sha512-ZYkZLAvKTKQXWuh5XpBw7CdbSzagarX39WyZ2H07CDLC5/KfsRGlIXV8d4+tfqX1M7916mRqR1QfNHSij+c9Pw==",
      "dependencies": [
        "type-fest"
      ]
    },
    "to-regex-range@5.0.1": {
      "integrity": "sha512-65P7iz6X5yEr1cwcgvQxbbIw7Uk3gOy5dIdtZ4rDveLqhrdJP+Li/Hx6tyK0NEb+2GCyneCMJiGqrADCSNk8sQ==",
      "dependencies": [
        "is-number"
      ]
    },
    "type-fest@4.41.0": {
      "integrity": "sha512-TeTSQ6H5YHvpqVwBRcnLDCBnDOHWYu7IvGbHT6N8AOymcr9PJGjc1GTtiWZTYg0NCgYwvnYWEkVChQAr9bjfwA=="
    },
    "undici-types@7.8.0": {
      "integrity": "sha512-9UJ2xGDvQ43tYyVMpuHlsgApydB8ZKfVYTsLDhXkFL/6gfkp+U8xTGdh8pMJv1SpZna0zxG1DwsKZsreLbXBxw=="
    },
    "yocto-queue@1.2.1": {
      "integrity": "sha512-AyeEbWOu/TAXdxlV9wmGcR0+yh2j3vYPGOECcIj2S7MkrLyC7ne+oye2BKTItt0ii2PHk4cDy+95+LshzbXnGg=="
    },
    "zod-to-json-schema@3.24.6_zod@3.25.48": {
      "integrity": "sha512-h/z3PKvcTcTetyjl1fkj79MHNEjm+HpD6NXheWjzOekY7kV+lwDYnHw+ivHkijnCSMz1yJaWBD9vu/Fcmk+vEg==",
      "dependencies": [
        "zod"
      ]
    },
    "zod@3.25.48": {
      "integrity": "sha512-0X1mz8FtgEIvaxGjdIImYpZEaZMrund9pGXm3M6vM7Reba0e2eI71KPjSCGXBfwKDPwPoywf6waUKc3/tFvX2Q=="
    },
    "zustand@5.0.5_react@19.1.0": {
      "integrity": "sha512-mILtRfKW9xM47hqxGIxCv12gXusoY/xTSHBYApXozR0HmQv299whhBeeAcRy+KrPPybzosvJBCOmVjq6x12fCg==",
      "dependencies": [
        "react"
      ],
      "optionalPeers": [
        "react"
      ]
    }
  },
  "workspace": {
    "dependencies": [
      "jsr:@artifact/client@^0.0.139",
      "jsr:@libs/xml@7",
      "jsr:@std/assert@^1.0.13",
      "jsr:@std/async@^1.0.13",
      "jsr:@std/dotenv@~0.225.5",
      "jsr:@std/expect@^1.0.16",
      "npm:@ai-sdk/openai@^2.0.0-beta.2",
      "npm:@types/node@^24.0.7",
      "npm:ai@^5.0.0-beta.2",
      "npm:commander@14",
      "npm:debug@^4.4.1",
      "npm:fast-deep-equal@^3.1.3",
      "npm:fast-glob@^3.3.3",
      "npm:glob-to-regexp@~0.4.1",
      "npm:gpt-tokenizer@^3.0.1",
      "npm:it-pushable@^3.2.3",
      "npm:p-limit@^6.2.0"
    ]
  }
}
